{
  "originHash" : "2ad47477940fe87acdeb42fbd3c006eced8bf0b589d296cd34f9707a6fa36053",
  "pins" : [
    {
      "identity" : "dot-ios-sdk-spm",
      "kind" : "remoteSourceControl",
      "location" : "https://github.com/innovatrics/dot-ios-sdk-spm",
      "state" : {
        "revision" : "4795f4a9f1b8991f729a0c332049bee9e2712807",
        "version" : "8.4.0"
      }
    },
    {
      "identity" : "trustlesssdk",
      "kind" : "remoteSourceControl",
      "location" : "https://github.com/staqio/TrustlessSDK",
      "state" : {
        "revision" : "c3fd82ac87f0f0765218ca918900f34f7d48cd53",
        "version" : "0.7.2"
      }
    }
  ],
  "version" : 3
}
