{
  "originHash" : "4b274990f4aee9a73d9035fdcfc6302277e284ee8493285cb63b27aa60b7fff5",
  "pins" : [
    {
      "identity" : "dot-ios-sdk-spm",
      "kind" : "remoteSourceControl",
      "location" : "https://github.com/innovatrics/dot-ios-sdk-spm",
      "state" : {
        "revision" : "4795f4a9f1b8991f729a0c332049bee9e2712807",
        "version" : "8.4.0"
      }
    },
    {
      "identity" : "trustlesssdk",
      "kind" : "remoteSourceControl",
      "location" : "https://github.com/staqio/TrustlessSDK",
      "state" : {
        "revision" : "0325326baf67a2d73c028eaace53a0a5750898e5",
        "version" : "0.11.0"
      }
    }
  ],
  "version" : 3
}
