{
  "originHash" : "be2976c3feeec87d0fca23b49f216c50f1e023ff4ae3846d491e02486e398889",
  "pins" : [
    {
      "identity" : "documentreader-swift-package",
      "kind" : "remoteSourceControl",
      "location" : "https://github.com/regulaforensics/DocumentReader-Swift-Package",
      "state" : {
        "revision" : "c31d2ad8ba93067334448faec6822b35d7d5e053",
        "version" : "9.1.5702"
      }
    },
    {
      "identity" : "documentreaderbounds-swift-package",
      "kind" : "remoteSourceControl",
      "location" : "https://github.com/regulaforensics/DocumentReaderBounds-Swift-Package",
      "state" : {
        "revision" : "4667c53195c0b7f4ee3f1d0532f3ab6ff4fc8ccc",
        "version" : "9.1.15608"
      }
    },
    {
      "identity" : "facecorebasic-swift-package",
      "kind" : "remoteSourceControl",
      "location" : "https://github.com/regulaforensics/FaceCoreBasic-Swift-Package",
      "state" : {
        "revision" : "efbd912cfc3d823ccc25ee623e26769ef21401c8",
        "version" : "7.2.1622"
      }
    },
    {
      "identity" : "facesdk-swift-package",
      "kind" : "remoteSourceControl",
      "location" : "https://github.com/regulaforensics/FaceSDK-Swift-Package",
      "state" : {
        "revision" : "9d657accbdd0e6f05554daddbfb1e3845f16fff8",
        "version" : "7.2.3526"
      }
    },
    {
      "identity" : "regulacommon-swift-package",
      "kind" : "remoteSourceControl",
      "location" : "https://github.com/regulaforensics/RegulaCommon-Swift-Package.git",
      "state" : {
        "revision" : "59c0d6cf6260a839ec4718e135c95cad7be769a7",
        "version" : "9.1.1844"
      }
    }
  ],
  "version" : 3
}
